
Microsoft Visual Studio Solution File, Format Version 12.00
# Visual Studio Version 16
VisualStudioVersion = 16.0.30503.244
MinimumVisualStudioVersion = 10.0.40219.1
Project("{2150E333-8FDC-42A3-9474-1A3956D46DE8}") = "src", "src", "{60D96F1E-D312-45BE-9D36-2701203912B0}"
EndProject
Project("{2150E333-8FDC-42A3-9474-1A3956D46DE8}") = "tests", "tests", "{10CDFED4-F4DD-4258-8DDC-9D7ACCFB3EFE}"
EndProject
Project("{2150E333-8FDC-42A3-9474-1A3956D46DE8}") = "Services", "Services", "{209F4DE2-E7C9-4771-BF08-A6507B94FA52}"
EndProject
Project("{2150E333-8FDC-42A3-9474-1A3956D46DE8}") = "Ativos", "Ativos", "{F6B5CDED-D862-4137-B126-9A2A1E4F7CDD}"
EndProject
Project("{9A19103F-16F7-4668-BE54-9A1E7A4F7556}") = "SCA.Ativos.API", "SCA.Ativos.API\SCA.Ativos.API.csproj", "{8B74DF76-E915-4171-BBAB-1883803E8CA2}"
EndProject
Project("{2150E333-8FDC-42A3-9474-1A3956D46DE8}") = "ProcessosMinerarios", "ProcessosMinerarios", "{6E1C351A-0300-4EB0-B0F5-DD86B6999EEC}"
EndProject
Project("{2150E333-8FDC-42A3-9474-1A3956D46DE8}") = "Barragens", "Barragens", "{DC8127AF-A7D3-48EA-94D4-86BD37F56B49}"
EndProject
Project("{2150E333-8FDC-42A3-9474-1A3956D46DE8}") = "SegCom", "SegCom", "{4CE665A0-B9DF-4D49-837D-58ACFFE99762}"
EndProject
Project("{2150E333-8FDC-42A3-9474-1A3956D46DE8}") = "BI", "BI", "{CF4D75F5-1E6C-4773-A240-3AF4F824C3A3}"
EndProject
Project("{2150E333-8FDC-42A3-9474-1A3956D46DE8}") = "Compliance", "Compliance", "{32ADBE12-3049-4CC1-947B-1C0CBE6F86EE}"
EndProject
Project("{2150E333-8FDC-42A3-9474-1A3956D46DE8}") = "Relatorios", "Relatorios", "{F4D9496B-D37F-4B73-853D-40FE22156C61}"
EndProject
Project("{9A19103F-16F7-4668-BE54-9A1E7A4F7556}") = "SCA.Barragens.API", "SCA.Barragens.API\SCA.Barragens.API.csproj", "{CA543E8A-9ADE-45F5-9394-E5F4F6299574}"
EndProject
Project("{E53339B2-1760-4266-BCC7-CA923CBCF16C}") = "docker-compose", "docker-compose.dcproj", "{EFB7355D-D108-4D30-93F5-39AEE71D98F0}"
EndProject
Project("{2150E333-8FDC-42A3-9474-1A3956D46DE8}") = "WebApps", "WebApps", "{FF3A3824-B622-4625-9732-7C260164F6BD}"
EndProject
Project("{9A19103F-16F7-4668-BE54-9A1E7A4F7556}") = "SCA.MVCApp", "SCA.MVCApp\SCA.MVCApp.csproj", "{36BF4495-CDB6-4173-AF88-2D59001B81DD}"
EndProject
Project("{2150E333-8FDC-42A3-9474-1A3956D46DE8}") = "Auth", "Auth", "{043464D7-C3BE-403B-87E9-9189D4175D4A}"
EndProject
Project("{9A19103F-16F7-4668-BE54-9A1E7A4F7556}") = "SCA.Auth.API", "..\SCA.Auth.API\SCA.Auth.API.csproj", "{E26FF1C7-67BA-4F2F-81BD-E065717B0E8A}"
EndProject
Project("{2150E333-8FDC-42A3-9474-1A3956D46DE8}") = "Sensors", "Sensors", "{8A1CBA69-1E65-42AA-B1E4-3A26AD817AC9}"
EndProject
Project("{9A19103F-16F7-4668-BE54-9A1E7A4F7556}") = "Sensor", "..\Sensor\Sensor.csproj", "{E5E03A9A-4755-4BD2-9BE6-FA434A67A0DA}"
EndProject
Project("{2150E333-8FDC-42A3-9474-1A3956D46DE8}") = "WorkflowEngine", "WorkflowEngine", "{F870B769-8AE6-44B2-99AB-F1AF1885A33D}"
EndProject
Project("{9A19103F-16F7-4668-BE54-9A1E7A4F7556}") = "WF.Sample", "SCA.Workflow\WF.Sample\WF.Sample.csproj", "{5E4B59F5-D37E-46B5-87A2-75C5BF4FBEE3}"
EndProject
Project("{9A19103F-16F7-4668-BE54-9A1E7A4F7556}") = "WF.Sample.Business", "SCA.Workflow\WF.Sample.Business\WF.Sample.Business.csproj", "{536A4E4C-2F03-4589-9C79-31FDDA5C6117}"
EndProject
Project("{9A19103F-16F7-4668-BE54-9A1E7A4F7556}") = "WF.Sample.MsSql", "SCA.Workflow\WF.Sample.MsSql\WF.Sample.MsSql.csproj", "{BEFC0FE3-FDE3-44DB-9B31-EBDFC351B73C}"
EndProject
Project("{FAE04EC0-301F-11D3-BF4B-00C04F79EFBC}") = "ApiGateway", "..\ApiGateway\ApiGateway.csproj", "{E6D83466-9D14-4FAF-9E02-0B755765ED67}"
EndProject
Global
	GlobalSection(SolutionConfigurationPlatforms) = preSolution
		Debug|Any CPU = Debug|Any CPU
		Release|Any CPU = Release|Any CPU
	EndGlobalSection
	GlobalSection(ProjectConfigurationPlatforms) = postSolution
		{8B74DF76-E915-4171-BBAB-1883803E8CA2}.Debug|Any CPU.ActiveCfg = Debug|Any CPU
		{8B74DF76-E915-4171-BBAB-1883803E8CA2}.Debug|Any CPU.Build.0 = Debug|Any CPU
		{8B74DF76-E915-4171-BBAB-1883803E8CA2}.Release|Any CPU.ActiveCfg = Release|Any CPU
		{8B74DF76-E915-4171-BBAB-1883803E8CA2}.Release|Any CPU.Build.0 = Release|Any CPU
		{CA543E8A-9ADE-45F5-9394-E5F4F6299574}.Debug|Any CPU.ActiveCfg = Debug|Any CPU
		{CA543E8A-9ADE-45F5-9394-E5F4F6299574}.Debug|Any CPU.Build.0 = Debug|Any CPU
		{CA543E8A-9ADE-45F5-9394-E5F4F6299574}.Release|Any CPU.ActiveCfg = Release|Any CPU
		{CA543E8A-9ADE-45F5-9394-E5F4F6299574}.Release|Any CPU.Build.0 = Release|Any CPU
		{EFB7355D-D108-4D30-93F5-39AEE71D98F0}.Debug|Any CPU.ActiveCfg = Debug|Any CPU
		{EFB7355D-D108-4D30-93F5-39AEE71D98F0}.Debug|Any CPU.Build.0 = Debug|Any CPU
		{EFB7355D-D108-4D30-93F5-39AEE71D98F0}.Release|Any CPU.ActiveCfg = Release|Any CPU
		{EFB7355D-D108-4D30-93F5-39AEE71D98F0}.Release|Any CPU.Build.0 = Release|Any CPU
		{36BF4495-CDB6-4173-AF88-2D59001B81DD}.Debug|Any CPU.ActiveCfg = Debug|Any CPU
		{36BF4495-CDB6-4173-AF88-2D59001B81DD}.Debug|Any CPU.Build.0 = Debug|Any CPU
		{36BF4495-CDB6-4173-AF88-2D59001B81DD}.Release|Any CPU.ActiveCfg = Release|Any CPU
		{36BF4495-CDB6-4173-AF88-2D59001B81DD}.Release|Any CPU.Build.0 = Release|Any CPU
		{E26FF1C7-67BA-4F2F-81BD-E065717B0E8A}.Debug|Any CPU.ActiveCfg = Debug|Any CPU
		{E26FF1C7-67BA-4F2F-81BD-E065717B0E8A}.Debug|Any CPU.Build.0 = Debug|Any CPU
		{E26FF1C7-67BA-4F2F-81BD-E065717B0E8A}.Release|Any CPU.ActiveCfg = Release|Any CPU
		{E26FF1C7-67BA-4F2F-81BD-E065717B0E8A}.Release|Any CPU.Build.0 = Release|Any CPU
		{E5E03A9A-4755-4BD2-9BE6-FA434A67A0DA}.Debug|Any CPU.ActiveCfg = Debug|Any CPU
		{E5E03A9A-4755-4BD2-9BE6-FA434A67A0DA}.Debug|Any CPU.Build.0 = Debug|Any CPU
		{E5E03A9A-4755-4BD2-9BE6-FA434A67A0DA}.Release|Any CPU.ActiveCfg = Release|Any CPU
		{E5E03A9A-4755-4BD2-9BE6-FA434A67A0DA}.Release|Any CPU.Build.0 = Release|Any CPU
		{5E4B59F5-D37E-46B5-87A2-75C5BF4FBEE3}.Debug|Any CPU.ActiveCfg = Debug|Any CPU
		{5E4B59F5-D37E-46B5-87A2-75C5BF4FBEE3}.Debug|Any CPU.Build.0 = Debug|Any CPU
		{5E4B59F5-D37E-46B5-87A2-75C5BF4FBEE3}.Release|Any CPU.ActiveCfg = Release|Any CPU
		{5E4B59F5-D37E-46B5-87A2-75C5BF4FBEE3}.Release|Any CPU.Build.0 = Release|Any CPU
		{536A4E4C-2F03-4589-9C79-31FDDA5C6117}.Debug|Any CPU.ActiveCfg = Debug|Any CPU
		{536A4E4C-2F03-4589-9C79-31FDDA5C6117}.Debug|Any CPU.Build.0 = Debug|Any CPU
		{536A4E4C-2F03-4589-9C79-31FDDA5C6117}.Release|Any CPU.ActiveCfg = Release|Any CPU
		{536A4E4C-2F03-4589-9C79-31FDDA5C6117}.Release|Any CPU.Build.0 = Release|Any CPU
		{BEFC0FE3-FDE3-44DB-9B31-EBDFC351B73C}.Debug|Any CPU.ActiveCfg = Debug|Any CPU
		{BEFC0FE3-FDE3-44DB-9B31-EBDFC351B73C}.Debug|Any CPU.Build.0 = Debug|Any CPU
		{BEFC0FE3-FDE3-44DB-9B31-EBDFC351B73C}.Release|Any CPU.ActiveCfg = Release|Any CPU
		{BEFC0FE3-FDE3-44DB-9B31-EBDFC351B73C}.Release|Any CPU.Build.0 = Release|Any CPU
		{E6D83466-9D14-4FAF-9E02-0B755765ED67}.Debug|Any CPU.ActiveCfg = Debug|Any CPU
		{E6D83466-9D14-4FAF-9E02-0B755765ED67}.Debug|Any CPU.Build.0 = Debug|Any CPU
		{E6D83466-9D14-4FAF-9E02-0B755765ED67}.Release|Any CPU.ActiveCfg = Release|Any CPU
		{E6D83466-9D14-4FAF-9E02-0B755765ED67}.Release|Any CPU.Build.0 = Release|Any CPU
	EndGlobalSection
	GlobalSection(SolutionProperties) = preSolution
		HideSolutionNode = FALSE
	EndGlobalSection
	GlobalSection(NestedProjects) = preSolution
		{209F4DE2-E7C9-4771-BF08-A6507B94FA52} = {60D96F1E-D312-45BE-9D36-2701203912B0}
		{F6B5CDED-D862-4137-B126-9A2A1E4F7CDD} = {209F4DE2-E7C9-4771-BF08-A6507B94FA52}
		{8B74DF76-E915-4171-BBAB-1883803E8CA2} = {F6B5CDED-D862-4137-B126-9A2A1E4F7CDD}
		{6E1C351A-0300-4EB0-B0F5-DD86B6999EEC} = {209F4DE2-E7C9-4771-BF08-A6507B94FA52}
		{DC8127AF-A7D3-48EA-94D4-86BD37F56B49} = {209F4DE2-E7C9-4771-BF08-A6507B94FA52}
		{4CE665A0-B9DF-4D49-837D-58ACFFE99762} = {209F4DE2-E7C9-4771-BF08-A6507B94FA52}
		{CF4D75F5-1E6C-4773-A240-3AF4F824C3A3} = {209F4DE2-E7C9-4771-BF08-A6507B94FA52}
		{32ADBE12-3049-4CC1-947B-1C0CBE6F86EE} = {209F4DE2-E7C9-4771-BF08-A6507B94FA52}
		{F4D9496B-D37F-4B73-853D-40FE22156C61} = {209F4DE2-E7C9-4771-BF08-A6507B94FA52}
		{CA543E8A-9ADE-45F5-9394-E5F4F6299574} = {DC8127AF-A7D3-48EA-94D4-86BD37F56B49}
		{FF3A3824-B622-4625-9732-7C260164F6BD} = {60D96F1E-D312-45BE-9D36-2701203912B0}
		{36BF4495-CDB6-4173-AF88-2D59001B81DD} = {FF3A3824-B622-4625-9732-7C260164F6BD}
		{043464D7-C3BE-403B-87E9-9189D4175D4A} = {209F4DE2-E7C9-4771-BF08-A6507B94FA52}
		{E26FF1C7-67BA-4F2F-81BD-E065717B0E8A} = {043464D7-C3BE-403B-87E9-9189D4175D4A}
		{8A1CBA69-1E65-42AA-B1E4-3A26AD817AC9} = {60D96F1E-D312-45BE-9D36-2701203912B0}
		{E5E03A9A-4755-4BD2-9BE6-FA434A67A0DA} = {8A1CBA69-1E65-42AA-B1E4-3A26AD817AC9}
		{F870B769-8AE6-44B2-99AB-F1AF1885A33D} = {6E1C351A-0300-4EB0-B0F5-DD86B6999EEC}
		{5E4B59F5-D37E-46B5-87A2-75C5BF4FBEE3} = {F870B769-8AE6-44B2-99AB-F1AF1885A33D}
		{536A4E4C-2F03-4589-9C79-31FDDA5C6117} = {F870B769-8AE6-44B2-99AB-F1AF1885A33D}
		{BEFC0FE3-FDE3-44DB-9B31-EBDFC351B73C} = {F870B769-8AE6-44B2-99AB-F1AF1885A33D}
		{E6D83466-9D14-4FAF-9E02-0B755765ED67} = {60D96F1E-D312-45BE-9D36-2701203912B0}
	EndGlobalSection
	GlobalSection(ExtensibilityGlobals) = postSolution
		SolutionGuid = {337FD41A-7FE7-40E5-8DB8-1837EF982F63}
	EndGlobalSection
EndGlobal
